Microsoft Visual Studio Solution File, Format Version 12.00
# Visual Studio Version 16
VisualStudioVersion = 16.0.30204.135
MinimumVisualStudioVersion = 10.0.40219.1
Project("{F184B08F-C81C-45F6-A57F-5ABD9991F28F}") = "MdiTabCtrl", "src\MdiTabCtrl.vbproj", "{7F98F809-CE14-43D5-B3DF-40D8F0B7A1AF}"
EndProject
Global
	GlobalSection(SolutionConfigurationPlatforms) = preSolution
		Debug|Any CPU = Debug|Any CPU
		Release|Any CPU = Release|Any CPU
	EndGlobalSection
	GlobalSection(ProjectConfigurationPlatforms) = postSolution
		{62ACC036-0902-4213-AA5C-55DFFFB83E0A}.Debug|Any CPU.ActiveCfg = Debug|Any CPU
		{62ACC036-0902-4213-AA5C-55DFFFB83E0A}.Debug|Any CPU.Build.0 = Debug|Any CPU
		{62ACC036-0902-4213-AA5C-55DFFFB83E0A}.Release|Any CPU.ActiveCfg = Release|Any CPU
		{62ACC036-0902-4213-AA5C-55DFFFB83E0A}.Release|Any CPU.Build.0 = Release|Any CPU
		{7F98F809-CE14-43D5-B3DF-40D8F0B7A1AF}.Debug|Any CPU.ActiveCfg = Debug|Any CPU
		{7F98F809-CE14-43D5-B3DF-40D8F0B7A1AF}.Debug|Any CPU.Build.0 = Debug|Any CPU
		{7F98F809-CE14-43D5-B3DF-40D8F0B7A1AF}.Release|Any CPU.ActiveCfg = Release|Any CPU
		{7F98F809-CE14-43D5-B3DF-40D8F0B7A1AF}.Release|Any CPU.Build.0 = Release|Any CPU
	EndGlobalSection
	GlobalSection(SolutionProperties) = preSolution
		HideSolutionNode = FALSE
	EndGlobalSection
	GlobalSection(ExtensibilityGlobals) = postSolution
		SolutionGuid = {5E3F4A0D-322A-4208-BAF2-39847455F7B1}
	EndGlobalSection
EndGlobal
